
Microsoft Visual Studio Solution File, Format Version 12.00
# Visual Studio 15
VisualStudioVersion = 15.0.26730.16
MinimumVisualStudioVersion = 10.0.40219.1
Project("{9A19103F-16F7-4668-BE54-9A1E7A4F7556}") = "OpenFieldReader", "OpenFieldReader.csproj", "{CF89232E-28CE-40B1-A7BB-B97CEE8BAD57}"
EndProject
Global
	GlobalSection(SolutionConfigurationPlatforms) = preSolution
		Debug|Any CPU = Debug|Any CPU
		Release|Any CPU = Release|Any CPU
	EndGlobalSection
	GlobalSection(ProjectConfigurationPlatforms) = postSolution
		{CF89232E-28CE-40B1-A7BB-B97CEE8BAD57}.Debug|Any CPU.ActiveCfg = Debug|Any CPU
		{CF89232E-28CE-40B1-A7BB-B97CEE8BAD57}.Debug|Any CPU.Build.0 = Debug|Any CPU
		{CF89232E-28CE-40B1-A7BB-B97CEE8BAD57}.Release|Any CPU.ActiveCfg = Release|Any CPU
		{CF89232E-28CE-40B1-A7BB-B97CEE8BAD57}.Release|Any CPU.Build.0 = Release|Any CPU
	EndGlobalSection
	GlobalSection(SolutionProperties) = preSolution
		HideSolutionNode = FALSE
	EndGlobalSection
	GlobalSection(ExtensibilityGlobals) = postSolution
		SolutionGuid = {182DD4F6-5BC1-49F4-92A2-5001FF0ED76A}
	EndGlobalSection
EndGlobal
